
Microsoft Visual Studio Solution File, Format Version 12.00
# Visual Studio Version 17
VisualStudioVersion = 17.4.33213.308
MinimumVisualStudioVersion = 10.0.40219.1
Project("{FAE04EC0-301F-11D3-BF4B-00C04F79EFBC}") = "Metodo N-Rhapson", "Metodo N-Rhapson\Metodo N-Rhapson.csproj", "{2D642511-7116-471C-8856-11CCDE12724C}"
EndProject
Global
	GlobalSection(SolutionConfigurationPlatforms) = preSolution
		Debug|Any CPU = Debug|Any CPU
		Release|Any CPU = Release|Any CPU
	EndGlobalSection
	GlobalSection(ProjectConfigurationPlatforms) = postSolution
		{2D642511-7116-471C-8856-11CCDE12724C}.Debug|Any CPU.ActiveCfg = Debug|Any CPU
		{2D642511-7116-471C-8856-11CCDE12724C}.Debug|Any CPU.Build.0 = Debug|Any CPU
		{2D642511-7116-471C-8856-11CCDE12724C}.Release|Any CPU.ActiveCfg = Release|Any CPU
		{2D642511-7116-471C-8856-11CCDE12724C}.Release|Any CPU.Build.0 = Release|Any CPU
	EndGlobalSection
	GlobalSection(SolutionProperties) = preSolution
		HideSolutionNode = FALSE
	EndGlobalSection
	GlobalSection(ExtensibilityGlobals) = postSolution
		SolutionGuid = {1E688362-3934-45A9-91EE-35070D86A499}
	EndGlobalSection
EndGlobal
